
Microsoft Visual Studio Solution File, Format Version 12.00
# Visual Studio Version 16
VisualStudioVersion = 16.0.810.11
MinimumVisualStudioVersion = 10.0.40219.1
Project("{FAE04EC0-301F-11D3-BF4B-00C04F79EFBC}") = "RentACar.API", "RentACar.API.csproj", "{52FC80A1-2F26-4848-8586-2997960CB2C4}"
EndProject
Project("{FAE04EC0-301F-11D3-BF4B-00C04F79EFBC}") = "RentACar.MODELS", "..\RentACar.MODELS\RentACar.MODELS.csproj", "{17427AC3-6F39-4975-B965-73CC3C1293D3}"
EndProject
Project("{FAE04EC0-301F-11D3-BF4B-00C04F79EFBC}") = "RentACar.DAL", "..\RentACar.DAL\RentACar.DAL.csproj", "{FEEBB1A1-D0D9-4474-8918-BFBE60EB7439}"
EndProject
Global
	GlobalSection(SolutionConfigurationPlatforms) = preSolution
		Debug|Any CPU = Debug|Any CPU
		Release|Any CPU = Release|Any CPU
	EndGlobalSection
	GlobalSection(ProjectConfigurationPlatforms) = postSolution
		{52FC80A1-2F26-4848-8586-2997960CB2C4}.Debug|Any CPU.ActiveCfg = Debug|Any CPU
		{52FC80A1-2F26-4848-8586-2997960CB2C4}.Debug|Any CPU.Build.0 = Debug|Any CPU
		{52FC80A1-2F26-4848-8586-2997960CB2C4}.Release|Any CPU.ActiveCfg = Release|Any CPU
		{52FC80A1-2F26-4848-8586-2997960CB2C4}.Release|Any CPU.Build.0 = Release|Any CPU
		{17427AC3-6F39-4975-B965-73CC3C1293D3}.Debug|Any CPU.ActiveCfg = Debug|Any CPU
		{17427AC3-6F39-4975-B965-73CC3C1293D3}.Debug|Any CPU.Build.0 = Debug|Any CPU
		{17427AC3-6F39-4975-B965-73CC3C1293D3}.Release|Any CPU.ActiveCfg = Release|Any CPU
		{17427AC3-6F39-4975-B965-73CC3C1293D3}.Release|Any CPU.Build.0 = Release|Any CPU
		{FEEBB1A1-D0D9-4474-8918-BFBE60EB7439}.Debug|Any CPU.ActiveCfg = Debug|Any CPU
		{FEEBB1A1-D0D9-4474-8918-BFBE60EB7439}.Debug|Any CPU.Build.0 = Debug|Any CPU
		{FEEBB1A1-D0D9-4474-8918-BFBE60EB7439}.Release|Any CPU.ActiveCfg = Release|Any CPU
		{FEEBB1A1-D0D9-4474-8918-BFBE60EB7439}.Release|Any CPU.Build.0 = Release|Any CPU
	EndGlobalSection
	GlobalSection(SolutionProperties) = preSolution
		HideSolutionNode = FALSE
	EndGlobalSection
	GlobalSection(ExtensibilityGlobals) = postSolution
		SolutionGuid = {6F509FBA-ADE6-427F-85E5-B1FF7AA62A90}
	EndGlobalSection
EndGlobal
